// !$*UTF8*$!
{
	archiveVersion = 1;
	classes = {
	};
	objectVersion = 46;
	objects = {

/* Begin PBXBuildFile section */
		0A8DC0881B61D326008E7F36 /* AppDelegate.swift in Sources */ = {isa = PBXBuildFile; fileRef = 0A8DC0871B61D326008E7F36 /* AppDelegate.swift */; };
		0A8DC08A1B61D326008E7F36 /* ViewController.swift in Sources */ = {isa = PBXBuildFile; fileRef = 0A8DC0891B61D326008E7F36 /* ViewController.swift */; };
		0A8DC08D1B61D326008E7F36 /* Main.storyboard in Resources */ = {isa = PBXBuildFile; fileRef = 0A8DC08B1B61D326008E7F36 /* Main.storyboard */; };
		0A8DC08F1B61D326008E7F36 /* Images.xcassets in Resources */ = {isa = PBXBuildFile; fileRef = 0A8DC08E1B61D326008E7F36 /* Images.xcassets */; };
		0A8DC0921B61D326008E7F36 /* LaunchScreen.xib in Resources */ = {isa = PBXBuildFile; fileRef = 0A8DC0901B61D326008E7F36 /* LaunchScreen.xib */; };
		0A8DC09E1B61D326008E7F36 /* Times_TablesTests.swift in Sources */ = {isa = PBXBuildFile; fileRef = 0A8DC09D1B61D326008E7F36 /* Times_TablesTests.swift */; };
/* End PBXBuildFile section */

/* Begin PBXContainerItemProxy section */
		0A8DC0981B61D326008E7F36 /* PBXContainerItemProxy */ = {
			isa = PBXContainerItemProxy;
			containerPortal = 0A8DC07A1B61D326008E7F36 /* Project object */;
			proxyType = 1;
			remoteGlobalIDString = 0A8DC0811B61D326008E7F36;
			remoteInfo = "Times Tables";
		};
/* End PBXContainerItemProxy section */

/* Begin PBXFileReference section */
		0A8DC0821B61D326008E7F36 /* Times Tables.app */ = {isa = PBXFileReference; explicitFileType = wrapper.application; includeInIndex = 0; path = "Times Tables.app"; sourceTree = BUILT_PRODUCTS_DIR; };
		0A8DC0861B61D326008E7F36 /* Info.plist */ = {isa = PBXFileReference; lastKnownFileType = text.plist.xml; path = Info.plist; sourceTree = "<group>"; };
		0A8DC0871B61D326008E7F36 /* AppDelegate.swift */ = {isa = PBXFileReference; lastKnownFileType = sourcecode.swift; path = AppDelegate.swift; sourceTree = "<group>"; };
		0A8DC0891B61D326008E7F36 /* ViewController.swift */ = {isa = PBXFileReference; lastKnownFileType = sourcecode.swift; path = ViewController.swift; sourceTree = "<group>"; };
		0A8DC08C1B61D326008E7F36 /* Base */ = {isa = PBXFileReference; lastKnownFileType = file.storyboard; name = Base; path = Base.lproj/Main.storyboard; sourceTree = "<group>"; };
		0A8DC08E1B61D326008E7F36 /* Images.xcassets */ = {isa = PBXFileReference; lastKnownFileType = folder.assetcatalog; path = Images.xcassets; sourceTree = "<group>"; };
		0A8DC0911B61D326008E7F36 /* Base */ = {isa = PBXFileReference; lastKnownFileType = file.xib; name = Base; path = Base.lproj/LaunchScreen.xib; sourceTree = "<group>"; };
		0A8DC0971B61D326008E7F36 /* Times TablesTests.xctest */ = {isa = PBXFileReference; explicitFileType = wrapper.cfbundle; includeInIndex = 0; path = "Times TablesTests.xctest"; sourceTree = BUILT_PRODUCTS_DIR; };
		0A8DC09C1B61D326008E7F36 /* Info.plist */ = {isa = PBXFileReference; lastKnownFileType = text.plist.xml; path = Info.plist; sourceTree = "<group>"; };
		0A8DC09D1B61D326008E7F36 /* Times_TablesTests.swift */ = {isa = PBXFileReference; lastKnownFileType = sourcecode.swift; path = Times_TablesTests.swift; sourceTree = "<group>"; };
/* End PBXFileReference section */

/* Begin PBXFrameworksBuildPhase section */
		0A8DC07F1B61D326008E7F36 /* Frameworks */ = {
			isa = PBXFrameworksBuildPhase;
			buildActionMask = 2147483647;
			files = (
			);
			runOnlyForDeploymentPostprocessing = 0;
		};
		0A8DC0941B61D326008E7F36 /* Frameworks */ = {
			isa = PBXFrameworksBuildPhase;
			buildActionMask = 2147483647;
			files = (
			);
			runOnlyForDeploymentPostprocessing = 0;
		};
/* End PBXFrameworksBuildPhase section */

/* Begin PBXGroup section */
		0A8DC0791B61D326008E7F36 = {
			isa = PBXGroup;
			children = (
				0A8DC0841B61D326008E7F36 /* Times Tables */,
				0A8DC09A1B61D326008E7F36 /* Times TablesTests */,
				0A8DC0831B61D326008E7F36 /* Products */,
			);
			sourceTree = "<group>";
		};
		0A8DC0831B61D326008E7F36 /* Products */ = {
			isa = PBXGroup;
			children = (
				0A8DC0821B61D326008E7F36 /* Times Tables.app */,
				0A8DC0971B61D326008E7F36 /* Times TablesTests.xctest */,
			);
			name = Products;
			sourceTree = "<group>";
		};
		0A8DC0841B61D326008E7F36 /* Times Tables */ = {
			isa = PBXGroup;
			children = (
				0A8DC0871B61D326008E7F36 /* AppDelegate.swift */,
				0A8DC0891B61D326008E7F36 /* ViewController.swift */,
				0A8DC08B1B61D326008E7F36 /* Main.storyboard */,
				0A8DC08E1B61D326008E7F36 /* Images.xcassets */,
				0A8DC0901B61D326008E7F36 /* LaunchScreen.xib */,
				0A8DC0851B61D326008E7F36 /* Supporting Files */,
			);
			path = "Times Tables";
			sourceTree = "<group>";
		};
		0A8DC0851B61D326008E7F36 /* Supporting Files */ = {
			isa = PBXGroup;
			children = (
				0A8DC0861B61D326008E7F36 /* Info.plist */,
			);
			name = "Supporting Files";
			sourceTree = "<group>";
		};
		0A8DC09A1B61D326008E7F36 /* Times TablesTests */ = {
			isa = PBXGroup;
			children = (
				0A8DC09D1B61D326008E7F36 /* Times_TablesTests.swift */,
				0A8DC09B1B61D326008E7F36 /* Supporting Files */,
			);
			path = "Times TablesTests";
			sourceTree = "<group>";
		};
		0A8DC09B1B61D326008E7F36 /* Supporting Files */ = {
			isa = PBXGroup;
			children = (
				0A8DC09C1B61D326008E7F36 /* Info.plist */,
			);
			name = "Supporting Files";
			sourceTree = "<group>";
		};
/* End PBXGroup section */

/* Begin PBXNativeTarget section */
		0A8DC0811B61D326008E7F36 /* Times Tables */ = {
			isa = PBXNativeTarget;
			buildConfigurationList = 0A8DC0A11B61D326008E7F36 /* Build configuration list for PBXNativeTarget "Times Tables" */;
			buildPhases = (
				0A8DC07E1B61D326008E7F36 /* Sources */,
				0A8DC07F1B61D326008E7F36 /* Frameworks */,
				0A8DC0801B61D326008E7F36 /* Resources */,
			);
			buildRules = (
			);
			dependencies = (
			);
			name = "Times Tables";
			productName = "Times Tables";
			productReference = 0A8DC0821B61D326008E7F36 /* Times Tables.app */;
			productType = "com.apple.product-type.application";
		};
		0A8DC0961B61D326008E7F36 /* Times TablesTests */ = {
			isa = PBXNativeTarget;
			buildConfigurationList = 0A8DC0A41B61D326008E7F36 /* Build configuration list for PBXNativeTarget "Times TablesTests" */;
			buildPhases = (
				0A8DC0931B61D326008E7F36 /* Sources */,
				0A8DC0941B61D326008E7F36 /* Frameworks */,
				0A8DC0951B61D326008E7F36 /* Resources */,
			);
			buildRules = (
			);
			dependencies = (
				0A8DC0991B61D326008E7F36 /* PBXTargetDependency */,
			);
			name = "Times TablesTests";
			productName = "Times TablesTests";
			productReference = 0A8DC0971B61D326008E7F36 /* Times TablesTests.xctest */;
			productType = "com.apple.product-type.bundle.unit-test";
		};
/* End PBXNativeTarget section */

/* Begin PBXProject section */
		0A8DC07A1B61D326008E7F36 /* Project object */ = {
			isa = PBXProject;
			attributes = {
				LastSwiftUpdateCheck = 0700;
				LastUpgradeCheck = 0700;
				ORGANIZATIONNAME = canalesb;
				TargetAttributes = {
					0A8DC0811B61D326008E7F36 = {
						CreatedOnToolsVersion = 6.4;
						DevelopmentTeam = C2482TKEF6;
					};
					0A8DC0961B61D326008E7F36 = {
						CreatedOnToolsVersion = 6.4;
						TestTargetID = 0A8DC0811B61D326008E7F36;
					};
				};
			};
			buildConfigurationList = 0A8DC07D1B61D326008E7F36 /* Build configuration list for PBXProject "Times Tables" */;
			compatibilityVersion = "Xcode 3.2";
			developmentRegion = English;
			hasScannedForEncodings = 0;
			knownRegions = (
				en,
				Base,
			);
			mainGroup = 0A8DC0791B61D326008E7F36;
			productRefGroup = 0A8DC0831B61D326008E7F36 /* Products */;
			projectDirPath = "";
			projectRoot = "";
			targets = (
				0A8DC0811B61D326008E7F36 /* Times Tables */,
				0A8DC0961B61D326008E7F36 /* Times TablesTests */,
			);
		};
/* End PBXProject section */

/* Begin PBXResourcesBuildPhase section */
		0A8DC0801B61D326008E7F36 /* Resources */ = {
			isa = PBXResourcesBuildPhase;
			buildActionMask = 2147483647;
			files = (
				0A8DC08D1B61D326008E7F36 /* Main.storyboard in Resources */,
				0A8DC0921B61D326008E7F36 /* LaunchScreen.xib in Resources */,
				0A8DC08F1B61D326008E7F36 /* Images.xcassets in Resources */,
			);
			runOnlyForDeploymentPostprocessing = 0;
		};
		0A8DC0951B61D326008E7F36 /* Resources */ = {
			isa = PBXResourcesBuildPhase;
			buildActionMask = 2147483647;
			files = (
			);
			runOnlyForDeploymentPostprocessing = 0;
		};
/* End PBXResourcesBuildPhase section */

/* Begin PBXSourcesBuildPhase section */
		0A8DC07E1B61D326008E7F36 /* Sources */ = {
			isa = PBXSourcesBuildPhase;
			buildActionMask = 2147483647;
			files = (
				0A8DC08A1B61D326008E7F36 /* ViewController.swift in Sources */,
				0A8DC0881B61D326008E7F36 /* AppDelegate.swift in Sources */,
			);
			runOnlyForDeploymentPostprocessing = 0;
		};
		0A8DC0931B61D326008E7F36 /* Sources */ = {
			isa = PBXSourcesBuildPhase;
			buildActionMask = 2147483647;
			files = (
				0A8DC09E1B61D326008E7F36 /* Times_TablesTests.swift in Sources */,
			);
			runOnlyForDeploymentPostprocessing = 0;
		};
/* End PBXSourcesBuildPhase section */

/* Begin PBXTargetDependency section */
		0A8DC0991B61D326008E7F36 /* PBXTargetDependency */ = {
			isa = PBXTargetDependency;
			target = 0A8DC0811B61D326008E7F36 /* Times Tables */;
			targetProxy = 0A8DC0981B61D326008E7F36 /* PBXContainerItemProxy */;
		};
/* End PBXTargetDependency section */

/* Begin PBXVariantGroup section */
		0A8DC08B1B61D326008E7F36 /* Main.storyboard */ = {
			isa = PBXVariantGroup;
			children = (
				0A8DC08C1B61D326008E7F36 /* Base */,
			);
			name = Main.storyboard;
			sourceTree = "<group>";
		};
		0A8DC0901B61D326008E7F36 /* LaunchScreen.xib */ = {
			isa = PBXVariantGroup;
			children = (
				0A8DC0911B61D326008E7F36 /* Base */,
			);
			name = LaunchScreen.xib;
			sourceTree = "<group>";
		};
/* End PBXVariantGroup section */

/* Begin XCBuildConfiguration section */
		0A8DC09F1B61D326008E7F36 /* Debug */ = {
			isa = XCBuildConfiguration;
			buildSettings = {
				ALWAYS_SEARCH_USER_PATHS = NO;
				CLANG_CXX_LANGUAGE_STANDARD = "gnu++0x";
				CLANG_CXX_LIBRARY = "libc++";
				CLANG_ENABLE_MODULES = YES;
				CLANG_ENABLE_OBJC_ARC = YES;
				CLANG_WARN_BOOL_CONVERSION = YES;
				CLANG_WARN_CONSTANT_CONVERSION = YES;
				CLANG_WARN_DIRECT_OBJC_ISA_USAGE = YES_ERROR;
				CLANG_WARN_EMPTY_BODY = YES;
				CLANG_WARN_ENUM_CONVERSION = YES;
				CLANG_WARN_INT_CONVERSION = YES;
				CLANG_WARN_OBJC_ROOT_CLASS = YES_ERROR;
				CLANG_WARN_UNREACHABLE_CODE = YES;
				CLANG_WARN__DUPLICATE_METHOD_MATCH = YES;
				"CODE_SIGN_IDENTITY[sdk=iphoneos*]" = "iPhone Developer";
				COPY_PHASE_STRIP = NO;
				DEBUG_INFORMATION_FORMAT = "dwarf-with-dsym";
				ENABLE_STRICT_OBJC_MSGSEND = YES;
				ENABLE_TESTABILITY = YES;
				GCC_C_LANGUAGE_STANDARD = gnu99;
				GCC_DYNAMIC_NO_PIC = NO;
				GCC_NO_COMMON_BLOCKS = YES;
				GCC_OPTIMIZATION_LEVEL = 0;
				GCC_PREPROCESSOR_DEFINITIONS = (
					"DEBUG=1",
					"$(inherited)",
				);
				GCC_SYMBOLS_PRIVATE_EXTERN = NO;
				GCC_WARN_64_TO_32_BIT_CONVERSION = YES;
				GCC_WARN_ABOUT_RETURN_TYPE = YES_ERROR;
				GCC_WARN_UNDECLARED_SELECTOR = YES;
				GCC_WARN_UNINITIALIZED_AUTOS = YES_AGGRESSIVE;
				GCC_WARN_UNUSED_FUNCTION = YES;
				GCC_WARN_UNUSED_VARIABLE = YES;
				IPHONEOS_DEPLOYMENT_TARGET = 8.4;
				MTL_ENABLE_DEBUG_INFO = YES;
				ONLY_ACTIVE_ARCH = YES;
				SDKROOT = iphoneos;
				SWIFT_OPTIMIZATION_LEVEL = "-Onone";
			};
			name = Debug;
		};
		0A8DC0A01B61D326008E7F36 /* Release */ = {
			isa = XCBuildConfiguration;
			buildSettings = {
				ALWAYS_SEARCH_USER_PATHS = NO;
				CLANG_CXX_LANGUAGE_STANDARD = "gnu++0x";
				CLANG_CXX_LIBRARY = "libc++";
				CLANG_ENABLE_MODULES = YES;
				CLANG_ENABLE_OBJC_ARC = YES;
				CLANG_WARN_BOOL_CONVERSION = YES;
				CLANG_WARN_CONSTANT_CONVERSION = YES;
				CLANG_WARN_DIRECT_OBJC_ISA_USAGE = YES_ERROR;
				CLANG_WARN_EMPTY_BODY = YES;
				CLANG_WARN_ENUM_CONVERSION = YES;
				CLANG_WARN_INT_CONVERSION = YES;
				CLANG_WARN_OBJC_ROOT_CLASS = YES_ERROR;
				CLANG_WARN_UNREACHABLE_CODE = YES;
				CLANG_WARN__DUPLICATE_METHOD_MATCH = YES;
				"CODE_SIGN_IDENTITY[sdk=iphoneos*]" = "iPhone Developer";
				COPY_PHASE_STRIP = NO;
				DEBUG_INFORMATION_FORMAT = "dwarf-with-dsym";
				ENABLE_NS_ASSERTIONS = NO;
				ENABLE_STRICT_OBJC_MSGSEND = YES;
				GCC_C_LANGUAGE_STANDARD = gnu99;
				GCC_NO_COMMON_BLOCKS = YES;
				GCC_WARN_64_TO_32_BIT_CONVERSION = YES;
				GCC_WARN_ABOUT_RETURN_TYPE = YES_ERROR;
				GCC_WARN_UNDECLARED_SELECTOR = YES;
				GCC_WARN_UNINITIALIZED_AUTOS = YES_AGGRESSIVE;
				GCC_WARN_UNUSED_FUNCTION = YES;
				GCC_WARN_UNUSED_VARIABLE = YES;
				IPHONEOS_DEPLOYMENT_TARGET = 8.4;
				MTL_ENABLE_DEBUG_INFO = NO;
				SDKROOT = iphoneos;
				VALIDATE_PRODUCT = YES;
			};
			name = Release;
		};
		0A8DC0A21B61D326008E7F36 /* Debug */ = {
			isa = XCBuildConfiguration;
			buildSettings = {
				ASSETCATALOG_COMPILER_APPICON_NAME = AppIcon;
				CODE_SIGN_IDENTITY = "iPhone Developer";
				"CODE_SIGN_IDENTITY[sdk=iphoneos*]" = "iPhone Developer";
				INFOPLIST_FILE = "Times Tables/Info.plist";
				LD_RUNPATH_SEARCH_PATHS = "$(inherited) @executable_path/Frameworks";
				PRODUCT_BUNDLE_IDENTIFIER = "com.canalesb.$(PRODUCT_NAME:rfc1034identifier)";
				PRODUCT_NAME = "$(TARGET_NAME)";
				PROVISIONING_PROFILE = "";
			};
			name = Debug;
		};
		0A8DC0A31B61D326008E7F36 /* Release */ = {
			isa = XCBuildConfiguration;
			buildSettings = {
				ASSETCATALOG_COMPILER_APPICON_NAME = AppIcon;
				CODE_SIGN_IDENTITY = "iPhone Developer";
				"CODE_SIGN_IDENTITY[sdk=iphoneos*]" = "iPhone Developer";
				INFOPLIST_FILE = "Times Tables/Info.plist";
				LD_RUNPATH_SEARCH_PATHS = "$(inherited) @executable_path/Frameworks";
				PRODUCT_BUNDLE_IDENTIFIER = "com.canalesb.$(PRODUCT_NAME:rfc1034identifier)";
				PRODUCT_NAME = "$(TARGET_NAME)";
				PROVISIONING_PROFILE = "";
			};
			name = Release;
		};
		0A8DC0A51B61D326008E7F36 /* Debug */ = {
			isa = XCBuildConfiguration;
			buildSettings = {
				BUNDLE_LOADER = "$(TEST_HOST)";
				FRAMEWORK_SEARCH_PATHS = (
					"$(SDKROOT)/Developer/Library/Frameworks",
					"$(inherited)",
				);
				GCC_PREPROCESSOR_DEFINITIONS = (
					"DEBUG=1",
					"$(inherited)",
				);
				INFOPLIST_FILE = "Times TablesTests/Info.plist";
				LD_RUNPATH_SEARCH_PATHS = "$(inherited) @executable_path/Frameworks @loader_path/Frameworks";
				PRODUCT_BUNDLE_IDENTIFIER = "com.canalesb.$(PRODUCT_NAME:rfc1034identifier)";
				PRODUCT_NAME = "$(TARGET_NAME)";
				TEST_HOST = "$(BUILT_PRODUCTS_DIR)/Times Tables.app/Times Tables";
			};
			name = Debug;
		};
		0A8DC0A61B61D326008E7F36 /* Release */ = {
			isa = XCBuildConfiguration;
			buildSettings = {
				BUNDLE_LOADER = "$(TEST_HOST)";
				FRAMEWORK_SEARCH_PATHS = (
					"$(SDKROOT)/Developer/Library/Frameworks",
					"$(inherited)",
				);
				INFOPLIST_FILE = "Times TablesTests/Info.plist";
				LD_RUNPATH_SEARCH_PATHS = "$(inherited) @executable_path/Frameworks @loader_path/Frameworks";
				PRODUCT_BUNDLE_IDENTIFIER = "com.canalesb.$(PRODUCT_NAME:rfc1034identifier)";
				PRODUCT_NAME = "$(TARGET_NAME)";
				TEST_HOST = "$(BUILT_PRODUCTS_DIR)/Times Tables.app/Times Tables";
			};
			name = Release;
		};
/* End XCBuildConfiguration section */

/* Begin XCConfigurationList section */
		0A8DC07D1B61D326008E7F36 /* Build configuration list for PBXProject "Times Tables" */ = {
			isa = XCConfigurationList;
			buildConfigurations = (
				0A8DC09F1B61D326008E7F36 /* Debug */,
				0A8DC0A01B61D326008E7F36 /* Release */,
			);
			defaultConfigurationIsVisible = 0;
			defaultConfigurationName = Release;
		};
		0A8DC0A11B61D326008E7F36 /* Build configuration list for PBXNativeTarget "Times Tables" */ = {
			isa = XCConfigurationList;
			buildConfigurations = (
				0A8DC0A21B61D326008E7F36 /* Debug */,
				0A8DC0A31B61D326008E7F36 /* Release */,
			);
			defaultConfigurationIsVisible = 0;
			defaultConfigurationName = Release;
		};
		0A8DC0A41B61D326008E7F36 /* Build configuration list for PBXNativeTarget "Times TablesTests" */ = {
			isa = XCConfigurationList;
			buildConfigurations = (
				0A8DC0A51B61D326008E7F36 /* Debug */,
				0A8DC0A61B61D326008E7F36 /* Release */,
			);
			defaultConfigurationIsVisible = 0;
			defaultConfigurationName = Release;
		};
/* End XCConfigurationList section */
	};
	rootObject = 0A8DC07A1B61D326008E7F36 /* Project object */;
}
